
Microsoft Visual Studio Solution File, Format Version 12.00
# Visual Studio Version 16
VisualStudioVersion = 16.0.28922.388
MinimumVisualStudioVersion = 10.0.40219.1
Project("{9A19103F-16F7-4668-BE54-9A1E7A4F7556}") = "CustomUrlShortener.Api", "NatroShortener.Api\CustomUrlShortener.Api.csproj", "{277A80C4-84FD-477B-BA91-38EAF08F57ED}"
EndProject
Project("{9A19103F-16F7-4668-BE54-9A1E7A4F7556}") = "CustomUrlShortener.Helper", "NatroShortener.Helper\CustomUrlShortener.Helper.csproj", "{1DD067F1-F9E0-437B-898D-C35187BF5F24}"
EndProject
Project("{9A19103F-16F7-4668-BE54-9A1E7A4F7556}") = "CustomUrlShortener.Repository", "NatroShortener.Repository\CustomUrlShortener.Repository.csproj", "{5E31D1E4-15FB-4B9A-8718-D85B389C1411}"
EndProject
Project("{9A19103F-16F7-4668-BE54-9A1E7A4F7556}") = "CustomUrlShortener.Model", "NatroShortener.Model\CustomUrlShortener.Model.csproj", "{8894701D-1A12-4CC6-BDC8-CEBE5BED584B}"
EndProject
Global
	GlobalSection(SolutionConfigurationPlatforms) = preSolution
		Debug|Any CPU = Debug|Any CPU
		Release|Any CPU = Release|Any CPU
	EndGlobalSection
	GlobalSection(ProjectConfigurationPlatforms) = postSolution
		{277A80C4-84FD-477B-BA91-38EAF08F57ED}.Debug|Any CPU.ActiveCfg = Debug|Any CPU
		{277A80C4-84FD-477B-BA91-38EAF08F57ED}.Debug|Any CPU.Build.0 = Debug|Any CPU
		{277A80C4-84FD-477B-BA91-38EAF08F57ED}.Release|Any CPU.ActiveCfg = Release|Any CPU
		{277A80C4-84FD-477B-BA91-38EAF08F57ED}.Release|Any CPU.Build.0 = Release|Any CPU
		{1DD067F1-F9E0-437B-898D-C35187BF5F24}.Debug|Any CPU.ActiveCfg = Debug|Any CPU
		{1DD067F1-F9E0-437B-898D-C35187BF5F24}.Debug|Any CPU.Build.0 = Debug|Any CPU
		{1DD067F1-F9E0-437B-898D-C35187BF5F24}.Release|Any CPU.ActiveCfg = Release|Any CPU
		{1DD067F1-F9E0-437B-898D-C35187BF5F24}.Release|Any CPU.Build.0 = Release|Any CPU
		{5E31D1E4-15FB-4B9A-8718-D85B389C1411}.Debug|Any CPU.ActiveCfg = Debug|Any CPU
		{5E31D1E4-15FB-4B9A-8718-D85B389C1411}.Debug|Any CPU.Build.0 = Debug|Any CPU
		{5E31D1E4-15FB-4B9A-8718-D85B389C1411}.Release|Any CPU.ActiveCfg = Release|Any CPU
		{5E31D1E4-15FB-4B9A-8718-D85B389C1411}.Release|Any CPU.Build.0 = Release|Any CPU
		{8894701D-1A12-4CC6-BDC8-CEBE5BED584B}.Debug|Any CPU.ActiveCfg = Debug|Any CPU
		{8894701D-1A12-4CC6-BDC8-CEBE5BED584B}.Debug|Any CPU.Build.0 = Debug|Any CPU
		{8894701D-1A12-4CC6-BDC8-CEBE5BED584B}.Release|Any CPU.ActiveCfg = Release|Any CPU
		{8894701D-1A12-4CC6-BDC8-CEBE5BED584B}.Release|Any CPU.Build.0 = Release|Any CPU
	EndGlobalSection
	GlobalSection(SolutionProperties) = preSolution
		HideSolutionNode = FALSE
	EndGlobalSection
	GlobalSection(ExtensibilityGlobals) = postSolution
		SolutionGuid = {81B9F03E-87C1-4A8C-B36F-E699F8278E1A}
	EndGlobalSection
EndGlobal
